
Microsoft Visual Studio Solution File, Format Version 12.00
# Visual Studio Version 17
VisualStudioVersion = 17.13.35913.81 d17.13
MinimumVisualStudioVersion = 10.0.40219.1
Project("{FAE04EC0-301F-11D3-BF4B-00C04F79EFBC}") = "Go2Event", "Go2Event\Go2Event.csproj", "{A2CB1F54-13D0-4BB8-875F-406E5DA6EDAC}"
EndProject
Global
	GlobalSection(SolutionConfigurationPlatforms) = preSolution
		Debug|Any CPU = Debug|Any CPU
		Release|Any CPU = Release|Any CPU
	EndGlobalSection
	GlobalSection(ProjectConfigurationPlatforms) = postSolution
		{A2CB1F54-13D0-4BB8-875F-406E5DA6EDAC}.Debug|Any CPU.ActiveCfg = Debug|Any CPU
		{A2CB1F54-13D0-4BB8-875F-406E5DA6EDAC}.Debug|Any CPU.Build.0 = Debug|Any CPU
		{A2CB1F54-13D0-4BB8-875F-406E5DA6EDAC}.Release|Any CPU.ActiveCfg = Release|Any CPU
		{A2CB1F54-13D0-4BB8-875F-406E5DA6EDAC}.Release|Any CPU.Build.0 = Release|Any CPU
	EndGlobalSection
	GlobalSection(SolutionProperties) = preSolution
		HideSolutionNode = FALSE
	EndGlobalSection
	GlobalSection(ExtensibilityGlobals) = postSolution
		SolutionGuid = {B4D416E4-5B63-4F4E-A537-3D47075DD894}
	EndGlobalSection
EndGlobal
